<?xml version="1.0" encoding="utf-8"?>
<Project ToolsVersion="4.0" xmlns="http://schemas.microsoft.com/developer/msbuild/2003">
  <ItemGroup>
    <Filter Include="Code">
      <UniqueIdentifier>{af7b221f-f8b8-4525-9557-ce39cc0bb3f5}</UniqueIdentifier>
    </Filter>
    <Filter Include="Code\inflearn">
      <UniqueIdentifier>{8602f803-7531-4da3-b45c-ff9868b39abf}</UniqueIdentifier>
    </Filter>
    <Filter Include="txtfile">
      <UniqueIdentifier>{67DA6AB6-F800-4c08-8B7A-83BB121AAD01}</UniqueIdentifier>
      <Extensions>rc;ico;cur;bmp;dlg;rc2;rct;bin;rgs;gif;jpg;jpeg;jpe;resx;tiff;tif;png;wav;mfcribbon-ms</Extensions>
    </Filter>
  </ItemGroup>
  <ItemGroup>
    <ClCompile Include="inflearn\AA.cpp">
      <Filter>Code\inflearn</Filter>
    </ClCompile>
    <ClCompile Include="inflearn\AA2.cpp">
      <Filter>Code\inflearn</Filter>
    </ClCompile>
    <ClCompile Include="inflearn\AA3.cpp">
      <Filter>Code\inflearn</Filter>
    </ClCompile>
    <ClCompile Include="inflearn\AA4.cpp">
      <Filter>Code\inflearn</Filter>
    </ClCompile>
    <ClCompile Include="inflearn\AA5.cpp">
      <Filter>Code\inflearn</Filter>
    </ClCompile>
    <ClCompile Include="inflearn\AA6.cpp">
      <Filter>Code\inflearn</Filter>
    </ClCompile>
    <ClCompile Include="inflearn\AA7.cpp">
      <Filter>Code\inflearn</Filter>
    </ClCompile>
    <ClCompile Include="inflearn\AA8.cpp">
      <Filter>Code\inflearn</Filter>
    </ClCompile>
    <ClCompile Include="inflearn\AA9.cpp">
      <Filter>Code\inflearn</Filter>
    </ClCompile>
    <ClCompile Include="inflearn\AA10.cpp">
      <Filter>Code\inflearn</Filter>
    </ClCompile>
    <ClCompile Include="inflearn\AA11.cpp">
      <Filter>Code\inflearn</Filter>
    </ClCompile>
    <ClCompile Include="inflearn\AA12.cpp">
      <Filter>Code\inflearn</Filter>
    </ClCompile>
    <ClCompile Include="inflearn\AA13.cpp">
      <Filter>Code\inflearn</Filter>
    </ClCompile>
    <ClCompile Include="inflearn\AA14.cpp">
      <Filter>Code\inflearn</Filter>
    </ClCompile>
    <ClCompile Include="inflearn\AA15.cpp">
      <Filter>Code\inflearn</Filter>
    </ClCompile>
    <ClCompile Include="inflearn\AA16.cpp">
      <Filter>Code\inflearn</Filter>
    </ClCompile>
    <ClCompile Include="inflearn\AA17.cpp">
      <Filter>Code\inflearn</Filter>
    </ClCompile>
    <ClCompile Include="inflearn\AA18.cpp">
      <Filter>Code\inflearn</Filter>
    </ClCompile>
    <ClCompile Include="inflearn\AA19.cpp">
      <Filter>Code\inflearn</Filter>
    </ClCompile>
    <ClCompile Include="inflearn\AA20.cpp">
      <Filter>Code\inflearn</Filter>
    </ClCompile>
    <ClCompile Include="inflearn\AA21.cpp">
      <Filter>Code\inflearn</Filter>
    </ClCompile>
    <ClCompile Include="inflearn\AA22.cpp">
      <Filter>Code\inflearn</Filter>
    </ClCompile>
    <ClCompile Include="inflearn\AA23.cpp">
      <Filter>Code\inflearn</Filter>
    </ClCompile>
    <ClCompile Include="inflearn\AA24.cpp">
      <Filter>Code\inflearn</Filter>
    </ClCompile>
    <ClCompile Include="inflearn\AA25.cpp">
      <Filter>Code\inflearn</Filter>
    </ClCompile>
    <ClCompile Include="inflearn\AA26.cpp">
      <Filter>Code\inflearn</Filter>
    </ClCompile>
    <ClCompile Include="inflearn\AA27.cpp">
      <Filter>Code\inflearn</Filter>
    </ClCompile>
    <ClCompile Include="inflearn\AA28.cpp">
      <Filter>Code\inflearn</Filter>
    </ClCompile>
    <ClCompile Include="inflearn\AA29.cpp">
      <Filter>Code\inflearn</Filter>
    </ClCompile>
    <ClCompile Include="inflearn\AA30.cpp">
      <Filter>Code\inflearn</Filter>
    </ClCompile>
    <ClCompile Include="inflearn\AA31.cpp">
      <Filter>Code\inflearn</Filter>
    </ClCompile>
    <ClCompile Include="inflearn\AA32.cpp">
      <Filter>Code\inflearn</Filter>
    </ClCompile>
    <ClCompile Include="inflearn\AA33.cpp">
      <Filter>Code\inflearn</Filter>
    </ClCompile>
    <ClCompile Include="inflearn\AA34.cpp">
      <Filter>Code\inflearn</Filter>
    </ClCompile>
    <ClCompile Include="inflearn\AA35.cpp">
      <Filter>Code\inflearn</Filter>
    </ClCompile>
    <ClCompile Include="inflearn\AA36.cpp">
      <Filter>Code\inflearn</Filter>
    </ClCompile>
    <ClCompile Include="inflearn\AA37.cpp">
      <Filter>Code\inflearn</Filter>
    </ClCompile>
    <ClCompile Include="inflearn\AA38.cpp">
      <Filter>Code\inflearn</Filter>
    </ClCompile>
    <ClCompile Include="inflearn\AA39.cpp">
      <Filter>Code\inflearn</Filter>
    </ClCompile>
    <ClCompile Include="inflearn\AA40.cpp">
      <Filter>Code\inflearn</Filter>
    </ClCompile>
    <ClCompile Include="inflearn\AA41.cpp">
      <Filter>Code\inflearn</Filter>
    </ClCompile>
    <ClCompile Include="inflearn\AA42.cpp">
      <Filter>Code\inflearn</Filter>
    </ClCompile>
    <ClCompile Include="inflearn\AA43.cpp">
      <Filter>Code\inflearn</Filter>
    </ClCompile>
    <ClCompile Include="inflearn\AA44.cpp">
      <Filter>Code\inflearn</Filter>
    </ClCompile>
    <ClCompile Include="inflearn\AA45.cpp">
      <Filter>Code\inflearn</Filter>
    </ClCompile>
    <ClCompile Include="inflearn\AA46.cpp">
      <Filter>Code\inflearn</Filter>
    </ClCompile>
    <ClCompile Include="inflearn\AA47.cpp">
      <Filter>Code\inflearn</Filter>
    </ClCompile>
    <ClCompile Include="inflearn\AA48.cpp">
      <Filter>Code\inflearn</Filter>
    </ClCompile>
    <ClCompile Include="inflearn\AA49.cpp">
      <Filter>Code\inflearn</Filter>
    </ClCompile>
    <ClCompile Include="inflearn\AA50.cpp">
      <Filter>Code\inflearn</Filter>
    </ClCompile>
    <ClCompile Include="inflearn\AA51.cpp">
      <Filter>Code\inflearn</Filter>
    </ClCompile>
    <ClCompile Include="inflearn\AA52.cpp">
      <Filter>Code\inflearn</Filter>
    </ClCompile>
    <ClCompile Include="inflearn\AA53.cpp">
      <Filter>Code\inflearn</Filter>
    </ClCompile>
    <ClCompile Include="inflearn\AA54.cpp">
      <Filter>Code\inflearn</Filter>
    </ClCompile>
    <ClCompile Include="inflearn\AA55.cpp">
      <Filter>Code\inflearn</Filter>
    </ClCompile>
    <ClCompile Include="inflearn\AA56.cpp">
      <Filter>Code\inflearn</Filter>
    </ClCompile>
    <ClCompile Include="inflearn\AA57.cpp">
      <Filter>Code\inflearn</Filter>
    </ClCompile>
    <ClCompile Include="inflearn\AA58.cpp">
      <Filter>Code\inflearn</Filter>
    </ClCompile>
    <ClCompile Include="inflearn\AA59.cpp">
      <Filter>Code\inflearn</Filter>
    </ClCompile>
    <ClCompile Include="inflearn\AA60.cpp">
      <Filter>Code\inflearn</Filter>
    </ClCompile>
    <ClCompile Include="inflearn\AA61.cpp">
      <Filter>Code\inflearn</Filter>
    </ClCompile>
    <ClCompile Include="inflearn\AA62.cpp">
      <Filter>Code\inflearn</Filter>
    </ClCompile>
    <ClCompile Include="inflearn\AA63.cpp">
      <Filter>Code\inflearn</Filter>
    </ClCompile>
    <ClCompile Include="inflearn\AA64.cpp">
      <Filter>Code\inflearn</Filter>
    </ClCompile>
    <ClCompile Include="inflearn\AA65.cpp">
      <Filter>Code\inflearn</Filter>
    </ClCompile>
    <ClCompile Include="inflearn\AA66.cpp">
      <Filter>Code\inflearn</Filter>
    </ClCompile>
    <ClCompile Include="inflearn\AA67.cpp">
      <Filter>Code\inflearn</Filter>
    </ClCompile>
    <ClCompile Include="inflearn\AA68.cpp">
      <Filter>Code\inflearn</Filter>
    </ClCompile>
    <ClCompile Include="inflearn\AA69.cpp">
      <Filter>Code\inflearn</Filter>
    </ClCompile>
    <ClCompile Include="inflearn\AA70.cpp">
      <Filter>Code\inflearn</Filter>
    </ClCompile>
    <ClCompile Include="inflearn\AA71.cpp">
      <Filter>Code\inflearn</Filter>
    </ClCompile>
    <ClCompile Include="inflearn\AA72.cpp">
      <Filter>Code\inflearn</Filter>
    </ClCompile>
    <ClCompile Include="inflearn\AA73.cpp">
      <Filter>Code\inflearn</Filter>
    </ClCompile>
    <ClCompile Include="inflearn\AA74.cpp">
      <Filter>Code\inflearn</Filter>
    </ClCompile>
    <ClCompile Include="inflearn\AA75.cpp">
      <Filter>Code\inflearn</Filter>
    </ClCompile>
    <ClCompile Include="inflearn\AA76.cpp">
      <Filter>Code\inflearn</Filter>
    </ClCompile>
    <ClCompile Include="inflearn\AA77.cpp">
      <Filter>Code\inflearn</Filter>
    </ClCompile>
    <ClCompile Include="inflearn\AA78.cpp">
      <Filter>Code\inflearn</Filter>
    </ClCompile>
    <ClCompile Include="inflearn\AA79.cpp">
      <Filter>Code\inflearn</Filter>
    </ClCompile>
    <ClCompile Include="inflearn\AA80.cpp">
      <Filter>Code\inflearn</Filter>
    </ClCompile>
    <ClCompile Include="inflearn\AA81.cpp">
      <Filter>Code\inflearn</Filter>
    </ClCompile>
    <ClCompile Include="inflearn\AA82.cpp">
      <Filter>Code\inflearn</Filter>
    </ClCompile>
    <ClCompile Include="inflearn\AA83.cpp">
      <Filter>Code\inflearn</Filter>
    </ClCompile>
    <ClCompile Include="inflearn\AA84.cpp">
      <Filter>Code\inflearn</Filter>
    </ClCompile>
    <ClCompile Include="inflearn\AA85.cpp">
      <Filter>Code\inflearn</Filter>
    </ClCompile>
    <ClCompile Include="inflearn\AA86.cpp">
      <Filter>Code\inflearn</Filter>
    </ClCompile>
    <ClCompile Include="inflearn\AA87.cpp">
      <Filter>Code\inflearn</Filter>
    </ClCompile>
    <ClCompile Include="inflearn\AA88.cpp">
      <Filter>Code\inflearn</Filter>
    </ClCompile>
    <ClCompile Include="inflearn\AA89.cpp">
      <Filter>Code\inflearn</Filter>
    </ClCompile>
    <ClCompile Include="inflearn\AA90.cpp">
      <Filter>Code\inflearn</Filter>
    </ClCompile>
    <ClCompile Include="inflearn\AA91.cpp">
      <Filter>Code\inflearn</Filter>
    </ClCompile>
    <ClCompile Include="inflearn\AA92.cpp">
      <Filter>Code\inflearn</Filter>
    </ClCompile>
    <ClCompile Include="inflearn\AA93.cpp">
      <Filter>Code\inflearn</Filter>
    </ClCompile>
    <ClCompile Include="inflearn\AA94.cpp">
      <Filter>Code\inflearn</Filter>
    </ClCompile>
    <ClCompile Include="inflearn\AA95.cpp">
      <Filter>Code\inflearn</Filter>
    </ClCompile>
    <ClCompile Include="inflearn\AA96.cpp">
      <Filter>Code\inflearn</Filter>
    </ClCompile>
    <ClCompile Include="inflearn\AA97.cpp">
      <Filter>Code\inflearn</Filter>
    </ClCompile>
    <ClCompile Include="inflearn\AA98.cpp">
      <Filter>Code\inflearn</Filter>
    </ClCompile>
    <ClCompile Include="inflearn\AA99.cpp">
      <Filter>Code\inflearn</Filter>
    </ClCompile>
    <ClCompile Include="inflearn\AA100.cpp">
      <Filter>Code\inflearn</Filter>
    </ClCompile>
    <ClCompile Include="inflearn\AA101.cpp">
      <Filter>Code\inflearn</Filter>
    </ClCompile>
    <ClCompile Include="inflearn\AA102.cpp">
      <Filter>Code\inflearn</Filter>
    </ClCompile>
    <ClCompile Include="inflearn\AA103.cpp">
      <Filter>Code\inflearn</Filter>
    </ClCompile>
    <ClCompile Include="inflearn\AA104.cpp">
      <Filter>Code\inflearn</Filter>
    </ClCompile>
    <ClCompile Include="inflearn\AA105.cpp">
      <Filter>Code\inflearn</Filter>
    </ClCompile>
    <ClCompile Include="inflearn\AA106.cpp">
      <Filter>Code\inflearn</Filter>
    </ClCompile>
    <ClCompile Include="inflearn\AA107.cpp">
      <Filter>Code\inflearn</Filter>
    </ClCompile>
    <ClCompile Include="inflearn\AA108.cpp">
      <Filter>Code\inflearn</Filter>
    </ClCompile>
    <ClCompile Include="inflearn\AA109.cpp">
      <Filter>Code\inflearn</Filter>
    </ClCompile>
    <ClCompile Include="inflearn\AA110.cpp">
      <Filter>Code\inflearn</Filter>
    </ClCompile>
    <ClCompile Include="inflearn\AA111.cpp">
      <Filter>Code\inflearn</Filter>
    </ClCompile>
    <ClCompile Include="inflearn\AA112.cpp">
      <Filter>Code\inflearn</Filter>
    </ClCompile>
    <ClCompile Include="inflearn\AA113.cpp">
      <Filter>Code\inflearn</Filter>
    </ClCompile>
    <ClCompile Include="inflearn\AA114.cpp">
      <Filter>Code\inflearn</Filter>
    </ClCompile>
    <ClCompile Include="inflearn\AA115.cpp">
      <Filter>Code\inflearn</Filter>
    </ClCompile>
    <ClCompile Include="inflearn\AA116.cpp">
      <Filter>Code\inflearn</Filter>
    </ClCompile>
    <ClCompile Include="inflearn\AA117.cpp">
      <Filter>Code\inflearn</Filter>
    </ClCompile>
    <ClCompile Include="inflearn\AA118.cpp">
      <Filter>Code\inflearn</Filter>
    </ClCompile>
    <ClCompile Include="inflearn\AA119.cpp">
      <Filter>Code\inflearn</Filter>
    </ClCompile>
    <ClCompile Include="inflearn\AA120.cpp">
      <Filter>Code\inflearn</Filter>
    </ClCompile>
  </ItemGroup>
  <ItemGroup>
    <Text Include="input.txt">
      <Filter>txtfile</Filter>
    </Text>
    <Text Include="..\..\..\IT취업을+위한+알고리즘+문제풀이+강의자료\basicsetting.txt">
      <Filter>txtfile</Filter>
    </Text>
    <Text Include="..\..\..\IT취업을+위한+알고리즘+문제풀이+강의자료\learn.txt">
      <Filter>txtfile</Filter>
    </Text>
    <Text Include="..\..\..\IT취업을+위한+알고리즘+문제풀이+강의자료\resolve.txt">
      <Filter>txtfile</Filter>
    </Text>
    <Text Include="..\..\..\IT취업을+위한+알고리즘+문제풀이+강의자료\git.txt">
      <Filter>txtfile</Filter>
    </Text>
  </ItemGroup>
  <ItemGroup>
    <None Include="..\README.md">
      <Filter>txtfile</Filter>
    </None>
  </ItemGroup>
</Project>